// !$*UTF8*$!
{
	archiveVersion = 1;
	classes = {
	};
	objectVersion = 46;
	objects = {

/* Begin PBXBuildFile section */
		E5F5869318E0C702002BF41A /* Foundation.framework in Frameworks */ = {isa = PBXBuildFile; fileRef = E5F5869218E0C702002BF41A /* Foundation.framework */; };
		E5F5869518E0C702002BF41A /* CoreGraphics.framework in Frameworks */ = {isa = PBXBuildFile; fileRef = E5F5869418E0C702002BF41A /* CoreGraphics.framework */; };
		E5F5869718E0C702002BF41A /* UIKit.framework in Frameworks */ = {isa = PBXBuildFile; fileRef = E5F5869618E0C702002BF41A /* UIKit.framework */; };
		E5F5869D18E0C702002BF41A /* InfoPlist.strings in Resources */ = {isa = PBXBuildFile; fileRef = E5F5869B18E0C702002BF41A /* InfoPlist.strings */; };
		E5F5869F18E0C702002BF41A /* main.m in Sources */ = {isa = PBXBuildFile; fileRef = E5F5869E18E0C702002BF41A /* main.m */; };
		E5F586A318E0C702002BF41A /* MADAppDelegate.m in Sources */ = {isa = PBXBuildFile; fileRef = E5F586A218E0C702002BF41A /* MADAppDelegate.m */; };
		E5F586A618E0C702002BF41A /* Main.storyboard in Resources */ = {isa = PBXBuildFile; fileRef = E5F586A418E0C702002BF41A /* Main.storyboard */; };
		E5F586A918E0C702002BF41A /* MADViewController.m in Sources */ = {isa = PBXBuildFile; fileRef = E5F586A818E0C702002BF41A /* MADViewController.m */; };
		E5F586AB18E0C702002BF41A /* Images.xcassets in Resources */ = {isa = PBXBuildFile; fileRef = E5F586AA18E0C702002BF41A /* Images.xcassets */; };
		E5F586B218E0C702002BF41A /* XCTest.framework in Frameworks */ = {isa = PBXBuildFile; fileRef = E5F586B118E0C702002BF41A /* XCTest.framework */; };
		E5F586B318E0C702002BF41A /* Foundation.framework in Frameworks */ = {isa = PBXBuildFile; fileRef = E5F5869218E0C702002BF41A /* Foundation.framework */; };
		E5F586B418E0C702002BF41A /* UIKit.framework in Frameworks */ = {isa = PBXBuildFile; fileRef = E5F5869618E0C702002BF41A /* UIKit.framework */; };
		E5F586BC18E0C702002BF41A /* InfoPlist.strings in Resources */ = {isa = PBXBuildFile; fileRef = E5F586BA18E0C702002BF41A /* InfoPlist.strings */; };
		E5F586BE18E0C702002BF41A /* Pirate_AdventureTests.m in Sources */ = {isa = PBXBuildFile; fileRef = E5F586BD18E0C702002BF41A /* Pirate_AdventureTests.m */; };
		E5F586C918E0D2EA002BF41A /* MADTile.m in Sources */ = {isa = PBXBuildFile; fileRef = E5F586C818E0D2EA002BF41A /* MADTile.m */; };
		E5F586CD18E21F1B002BF41A /* MADFactory.m in Sources */ = {isa = PBXBuildFile; fileRef = E5F586CC18E21F1B002BF41A /* MADFactory.m */; };
		E5F586DB18E23C51002BF41A /* PirateAttack.jpg in Resources */ = {isa = PBXBuildFile; fileRef = E5F586CF18E23C51002BF41A /* PirateAttack.jpg */; };
		E5F586DC18E23C51002BF41A /* PirateBlacksmith.jpeg in Resources */ = {isa = PBXBuildFile; fileRef = E5F586D018E23C51002BF41A /* PirateBlacksmith.jpeg */; };
		E5F586DD18E23C51002BF41A /* PirateBoss.jpeg in Resources */ = {isa = PBXBuildFile; fileRef = E5F586D118E23C51002BF41A /* PirateBoss.jpeg */; };
		E5F586DE18E23C51002BF41A /* PirateFriendlyDock.jpg in Resources */ = {isa = PBXBuildFile; fileRef = E5F586D218E23C51002BF41A /* PirateFriendlyDock.jpg */; };
		E5F586DF18E23C51002BF41A /* PirateOctopusAttack.jpg in Resources */ = {isa = PBXBuildFile; fileRef = E5F586D318E23C51002BF41A /* PirateOctopusAttack.jpg */; };
		E5F586E018E23C51002BF41A /* PirateParrot.jpg in Resources */ = {isa = PBXBuildFile; fileRef = E5F586D418E23C51002BF41A /* PirateParrot.jpg */; };
		E5F586E118E23C51002BF41A /* PiratePlank.jpg in Resources */ = {isa = PBXBuildFile; fileRef = E5F586D518E23C51002BF41A /* PiratePlank.jpg */; };
		E5F586E218E23C51002BF41A /* PirateShipBattle.jpeg in Resources */ = {isa = PBXBuildFile; fileRef = E5F586D618E23C51002BF41A /* PirateShipBattle.jpeg */; };
		E5F586E318E23C51002BF41A /* PirateStart.jpg in Resources */ = {isa = PBXBuildFile; fileRef = E5F586D718E23C51002BF41A /* PirateStart.jpg */; };
		E5F586E418E23C51002BF41A /* PirateTreasure.jpeg in Resources */ = {isa = PBXBuildFile; fileRef = E5F586D818E23C51002BF41A /* PirateTreasure.jpeg */; };
		E5F586E518E23C51002BF41A /* PirateTreasurer2.jpeg in Resources */ = {isa = PBXBuildFile; fileRef = E5F586D918E23C51002BF41A /* PirateTreasurer2.jpeg */; };
		E5F586E618E23C51002BF41A /* PirateWeapons.jpeg in Resources */ = {isa = PBXBuildFile; fileRef = E5F586DA18E23C51002BF41A /* PirateWeapons.jpeg */; };
/* End PBXBuildFile section */

/* Begin PBXContainerItemProxy section */
		E5F586B518E0C702002BF41A /* PBXContainerItemProxy */ = {
			isa = PBXContainerItemProxy;
			containerPortal = E5F5868718E0C702002BF41A /* Project object */;
			proxyType = 1;
			remoteGlobalIDString = E5F5868E18E0C702002BF41A;
			remoteInfo = "Pirate Adventure";
		};
/* End PBXContainerItemProxy section */

/* Begin PBXFileReference section */
		E5F5868F18E0C702002BF41A /* Pirate Adventure.app */ = {isa = PBXFileReference; explicitFileType = wrapper.application; includeInIndex = 0; path = "Pirate Adventure.app"; sourceTree = BUILT_PRODUCTS_DIR; };
		E5F5869218E0C702002BF41A /* Foundation.framework */ = {isa = PBXFileReference; lastKnownFileType = wrapper.framework; name = Foundation.framework; path = System/Library/Frameworks/Foundation.framework; sourceTree = SDKROOT; };
		E5F5869418E0C702002BF41A /* CoreGraphics.framework */ = {isa = PBXFileReference; lastKnownFileType = wrapper.framework; name = CoreGraphics.framework; path = System/Library/Frameworks/CoreGraphics.framework; sourceTree = SDKROOT; };
		E5F5869618E0C702002BF41A /* UIKit.framework */ = {isa = PBXFileReference; lastKnownFileType = wrapper.framework; name = UIKit.framework; path = System/Library/Frameworks/UIKit.framework; sourceTree = SDKROOT; };
		E5F5869A18E0C702002BF41A /* Pirate Adventure-Info.plist */ = {isa = PBXFileReference; lastKnownFileType = text.plist.xml; path = "Pirate Adventure-Info.plist"; sourceTree = "<group>"; };
		E5F5869C18E0C702002BF41A /* en */ = {isa = PBXFileReference; lastKnownFileType = text.plist.strings; name = en; path = en.lproj/InfoPlist.strings; sourceTree = "<group>"; };
		E5F5869E18E0C702002BF41A /* main.m */ = {isa = PBXFileReference; lastKnownFileType = sourcecode.c.objc; path = main.m; sourceTree = "<group>"; };
		E5F586A018E0C702002BF41A /* Pirate Adventure-Prefix.pch */ = {isa = PBXFileReference; lastKnownFileType = sourcecode.c.h; path = "Pirate Adventure-Prefix.pch"; sourceTree = "<group>"; };
		E5F586A118E0C702002BF41A /* MADAppDelegate.h */ = {isa = PBXFileReference; lastKnownFileType = sourcecode.c.h; path = MADAppDelegate.h; sourceTree = "<group>"; };
		E5F586A218E0C702002BF41A /* MADAppDelegate.m */ = {isa = PBXFileReference; lastKnownFileType = sourcecode.c.objc; path = MADAppDelegate.m; sourceTree = "<group>"; };
		E5F586A518E0C702002BF41A /* Base */ = {isa = PBXFileReference; lastKnownFileType = file.storyboard; name = Base; path = Base.lproj/Main.storyboard; sourceTree = "<group>"; };
		E5F586A718E0C702002BF41A /* MADViewController.h */ = {isa = PBXFileReference; lastKnownFileType = sourcecode.c.h; path = MADViewController.h; sourceTree = "<group>"; };
		E5F586A818E0C702002BF41A /* MADViewController.m */ = {isa = PBXFileReference; lastKnownFileType = sourcecode.c.objc; path = MADViewController.m; sourceTree = "<group>"; };
		E5F586AA18E0C702002BF41A /* Images.xcassets */ = {isa = PBXFileReference; lastKnownFileType = folder.assetcatalog; path = Images.xcassets; sourceTree = "<group>"; };
		E5F586B018E0C702002BF41A /* Pirate AdventureTests.xctest */ = {isa = PBXFileReference; explicitFileType = wrapper.cfbundle; includeInIndex = 0; path = "Pirate AdventureTests.xctest"; sourceTree = BUILT_PRODUCTS_DIR; };
		E5F586B118E0C702002BF41A /* XCTest.framework */ = {isa = PBXFileReference; lastKnownFileType = wrapper.framework; name = XCTest.framework; path = Library/Frameworks/XCTest.framework; sourceTree = DEVELOPER_DIR; };
		E5F586B918E0C702002BF41A /* Pirate AdventureTests-Info.plist */ = {isa = PBXFileReference; lastKnownFileType = text.plist.xml; path = "Pirate AdventureTests-Info.plist"; sourceTree = "<group>"; };
		E5F586BB18E0C702002BF41A /* en */ = {isa = PBXFileReference; lastKnownFileType = text.plist.strings; name = en; path = en.lproj/InfoPlist.strings; sourceTree = "<group>"; };
		E5F586BD18E0C702002BF41A /* Pirate_AdventureTests.m */ = {isa = PBXFileReference; lastKnownFileType = sourcecode.c.objc; path = Pirate_AdventureTests.m; sourceTree = "<group>"; };
		E5F586C718E0D2EA002BF41A /* MADTile.h */ = {isa = PBXFileReference; fileEncoding = 4; lastKnownFileType = sourcecode.c.h; path = MADTile.h; sourceTree = "<group>"; };
		E5F586C818E0D2EA002BF41A /* MADTile.m */ = {isa = PBXFileReference; fileEncoding = 4; lastKnownFileType = sourcecode.c.objc; path = MADTile.m; sourceTree = "<group>"; };
		E5F586CB18E21F1B002BF41A /* MADFactory.h */ = {isa = PBXFileReference; fileEncoding = 4; lastKnownFileType = sourcecode.c.h; path = MADFactory.h; sourceTree = "<group>"; };
		E5F586CC18E21F1B002BF41A /* MADFactory.m */ = {isa = PBXFileReference; fileEncoding = 4; lastKnownFileType = sourcecode.c.objc; path = MADFactory.m; sourceTree = "<group>"; };
		E5F586CF18E23C51002BF41A /* PirateAttack.jpg */ = {isa = PBXFileReference; lastKnownFileType = image.jpeg; path = PirateAttack.jpg; sourceTree = "<group>"; };
		E5F586D018E23C51002BF41A /* PirateBlacksmith.jpeg */ = {isa = PBXFileReference; lastKnownFileType = image.jpeg; path = PirateBlacksmith.jpeg; sourceTree = "<group>"; };
		E5F586D118E23C51002BF41A /* PirateBoss.jpeg */ = {isa = PBXFileReference; lastKnownFileType = image.jpeg; path = PirateBoss.jpeg; sourceTree = "<group>"; };
		E5F586D218E23C51002BF41A /* PirateFriendlyDock.jpg */ = {isa = PBXFileReference; lastKnownFileType = image.jpeg; path = PirateFriendlyDock.jpg; sourceTree = "<group>"; };
		E5F586D318E23C51002BF41A /* PirateOctopusAttack.jpg */ = {isa = PBXFileReference; lastKnownFileType = image.jpeg; path = PirateOctopusAttack.jpg; sourceTree = "<group>"; };
		E5F586D418E23C51002BF41A /* PirateParrot.jpg */ = {isa = PBXFileReference; lastKnownFileType = image.jpeg; path = PirateParrot.jpg; sourceTree = "<group>"; };
		E5F586D518E23C51002BF41A /* PiratePlank.jpg */ = {isa = PBXFileReference; lastKnownFileType = image.jpeg; path = PiratePlank.jpg; sourceTree = "<group>"; };
		E5F586D618E23C51002BF41A /* PirateShipBattle.jpeg */ = {isa = PBXFileReference; lastKnownFileType = image.jpeg; path = PirateShipBattle.jpeg; sourceTree = "<group>"; };
		E5F586D718E23C51002BF41A /* PirateStart.jpg */ = {isa = PBXFileReference; lastKnownFileType = image.jpeg; path = PirateStart.jpg; sourceTree = "<group>"; };
		E5F586D818E23C51002BF41A /* PirateTreasure.jpeg */ = {isa = PBXFileReference; lastKnownFileType = image.jpeg; path = PirateTreasure.jpeg; sourceTree = "<group>"; };
		E5F586D918E23C51002BF41A /* PirateTreasurer2.jpeg */ = {isa = PBXFileReference; lastKnownFileType = image.jpeg; path = PirateTreasurer2.jpeg; sourceTree = "<group>"; };
		E5F586DA18E23C51002BF41A /* PirateWeapons.jpeg */ = {isa = PBXFileReference; lastKnownFileType = image.jpeg; path = PirateWeapons.jpeg; sourceTree = "<group>"; };
/* End PBXFileReference section */

/* Begin PBXFrameworksBuildPhase section */
		E5F5868C18E0C702002BF41A /* Frameworks */ = {
			isa = PBXFrameworksBuildPhase;
			buildActionMask = 2147483647;
			files = (
				E5F5869518E0C702002BF41A /* CoreGraphics.framework in Frameworks */,
				E5F5869718E0C702002BF41A /* UIKit.framework in Frameworks */,
				E5F5869318E0C702002BF41A /* Foundation.framework in Frameworks */,
			);
			runOnlyForDeploymentPostprocessing = 0;
		};
		E5F586AD18E0C702002BF41A /* Frameworks */ = {
			isa = PBXFrameworksBuildPhase;
			buildActionMask = 2147483647;
			files = (
				E5F586B218E0C702002BF41A /* XCTest.framework in Frameworks */,
				E5F586B418E0C702002BF41A /* UIKit.framework in Frameworks */,
				E5F586B318E0C702002BF41A /* Foundation.framework in Frameworks */,
			);
			runOnlyForDeploymentPostprocessing = 0;
		};
/* End PBXFrameworksBuildPhase section */

/* Begin PBXGroup section */
		E5F5868618E0C702002BF41A = {
			isa = PBXGroup;
			children = (
				E5F5869818E0C702002BF41A /* Pirate Adventure */,
				E5F586B718E0C702002BF41A /* Pirate AdventureTests */,
				E5F5869118E0C702002BF41A /* Frameworks */,
				E5F5869018E0C702002BF41A /* Products */,
			);
			sourceTree = "<group>";
		};
		E5F5869018E0C702002BF41A /* Products */ = {
			isa = PBXGroup;
			children = (
				E5F5868F18E0C702002BF41A /* Pirate Adventure.app */,
				E5F586B018E0C702002BF41A /* Pirate AdventureTests.xctest */,
			);
			name = Products;
			sourceTree = "<group>";
		};
		E5F5869118E0C702002BF41A /* Frameworks */ = {
			isa = PBXGroup;
			children = (
				E5F5869218E0C702002BF41A /* Foundation.framework */,
				E5F5869418E0C702002BF41A /* CoreGraphics.framework */,
				E5F5869618E0C702002BF41A /* UIKit.framework */,
				E5F586B118E0C702002BF41A /* XCTest.framework */,
			);
			name = Frameworks;
			sourceTree = "<group>";
		};
		E5F5869818E0C702002BF41A /* Pirate Adventure */ = {
			isa = PBXGroup;
			children = (
				E5F586A118E0C702002BF41A /* MADAppDelegate.h */,
				E5F586A218E0C702002BF41A /* MADAppDelegate.m */,
				E5F586A418E0C702002BF41A /* Main.storyboard */,
				E5F586A718E0C702002BF41A /* MADViewController.h */,
				E5F586A818E0C702002BF41A /* MADViewController.m */,
				E5F586CA18E1A6FE002BF41A /* Model */,
				E5F586AA18E0C702002BF41A /* Images.xcassets */,
				E5F5869918E0C702002BF41A /* Supporting Files */,
			);
			path = "Pirate Adventure";
			sourceTree = "<group>";
		};
		E5F5869918E0C702002BF41A /* Supporting Files */ = {
			isa = PBXGroup;
			children = (
				E5F586CE18E23C2C002BF41A /* Images For Background */,
				E5F5869B18E0C702002BF41A /* InfoPlist.strings */,
				E5F5869E18E0C702002BF41A /* main.m */,
				E5F586A018E0C702002BF41A /* Pirate Adventure-Prefix.pch */,
			);
			name = "Supporting Files";
			sourceTree = "<group>";
		};
		E5F586B718E0C702002BF41A /* Pirate AdventureTests */ = {
			isa = PBXGroup;
			children = (
				E5F586BD18E0C702002BF41A /* Pirate_AdventureTests.m */,
				E5F586B818E0C702002BF41A /* Supporting Files */,
			);
			path = "Pirate AdventureTests";
			sourceTree = "<group>";
		};
		E5F586B818E0C702002BF41A /* Supporting Files */ = {
			isa = PBXGroup;
			children = (
				E5F586B918E0C702002BF41A /* Pirate AdventureTests-Info.plist */,
				E5F586BA18E0C702002BF41A /* InfoPlist.strings */,
			);
			name = "Supporting Files";
			sourceTree = "<group>";
		};
		E5F586CA18E1A6FE002BF41A /* Model */ = {
			isa = PBXGroup;
			children = (
				E5F586CB18E21F1B002BF41A /* MADFactory.h */,
				E5F586CC18E21F1B002BF41A /* MADFactory.m */,
				E5F586C718E0D2EA002BF41A /* MADTile.h */,
				E5F586C818E0D2EA002BF41A /* MADTile.m */,
			);
			name = Model;
			sourceTree = "<group>";
		};
		E5F586CE18E23C2C002BF41A /* Images For Background */ = {
			isa = PBXGroup;
			children = (
				E5F586CF18E23C51002BF41A /* PirateAttack.jpg */,
				E5F586D018E23C51002BF41A /* PirateBlacksmith.jpeg */,
				E5F586D118E23C51002BF41A /* PirateBoss.jpeg */,
				E5F586D218E23C51002BF41A /* PirateFriendlyDock.jpg */,
				E5F586D318E23C51002BF41A /* PirateOctopusAttack.jpg */,
				E5F586D418E23C51002BF41A /* PirateParrot.jpg */,
				E5F586D518E23C51002BF41A /* PiratePlank.jpg */,
				E5F586D618E23C51002BF41A /* PirateShipBattle.jpeg */,
				E5F586D718E23C51002BF41A /* PirateStart.jpg */,
				E5F586D818E23C51002BF41A /* PirateTreasure.jpeg */,
				E5F586D918E23C51002BF41A /* PirateTreasurer2.jpeg */,
				E5F586DA18E23C51002BF41A /* PirateWeapons.jpeg */,
				E5F5869A18E0C702002BF41A /* Pirate Adventure-Info.plist */,
			);
			name = "Images For Background";
			sourceTree = "<group>";
		};
/* End PBXGroup section */

/* Begin PBXNativeTarget section */
		E5F5868E18E0C702002BF41A /* Pirate Adventure */ = {
			isa = PBXNativeTarget;
			buildConfigurationList = E5F586C118E0C702002BF41A /* Build configuration list for PBXNativeTarget "Pirate Adventure" */;
			buildPhases = (
				E5F5868B18E0C702002BF41A /* Sources */,
				E5F5868C18E0C702002BF41A /* Frameworks */,
				E5F5868D18E0C702002BF41A /* Resources */,
				OBJCLEANCUSTOMRUNSCRIPTT /* Objective-Clean Run Script */,
			);
			buildRules = (
			);
			dependencies = (
			);
			name = "Pirate Adventure";
			productName = "Pirate Adventure";
			productReference = E5F5868F18E0C702002BF41A /* Pirate Adventure.app */;
			productType = "com.apple.product-type.application";
		};
		E5F586AF18E0C702002BF41A /* Pirate AdventureTests */ = {
			isa = PBXNativeTarget;
			buildConfigurationList = E5F586C418E0C702002BF41A /* Build configuration list for PBXNativeTarget "Pirate AdventureTests" */;
			buildPhases = (
				E5F586AC18E0C702002BF41A /* Sources */,
				E5F586AD18E0C702002BF41A /* Frameworks */,
				E5F586AE18E0C702002BF41A /* Resources */,
			);
			buildRules = (
			);
			dependencies = (
				E5F586B618E0C702002BF41A /* PBXTargetDependency */,
			);
			name = "Pirate AdventureTests";
			productName = "Pirate AdventureTests";
			productReference = E5F586B018E0C702002BF41A /* Pirate AdventureTests.xctest */;
			productType = "com.apple.product-type.bundle.unit-test";
		};
/* End PBXNativeTarget section */

/* Begin PBXProject section */
		E5F5868718E0C702002BF41A /* Project object */ = {
			isa = PBXProject;
			attributes = {
				CLASSPREFIX = MAD;
				LastUpgradeCheck = 0510;
				ORGANIZATIONNAME = "Murphy Apps";
				TargetAttributes = {
					E5F586AF18E0C702002BF41A = {
						TestTargetID = E5F5868E18E0C702002BF41A;
					};
				};
			};
			buildConfigurationList = E5F5868A18E0C702002BF41A /* Build configuration list for PBXProject "Pirate Adventure" */;
			compatibilityVersion = "Xcode 3.2";
			developmentRegion = English;
			hasScannedForEncodings = 0;
			knownRegions = (
				en,
				Base,
			);
			mainGroup = E5F5868618E0C702002BF41A;
			productRefGroup = E5F5869018E0C702002BF41A /* Products */;
			projectDirPath = "";
			projectRoot = "";
			targets = (
				E5F5868E18E0C702002BF41A /* Pirate Adventure */,
				E5F586AF18E0C702002BF41A /* Pirate AdventureTests */,
			);
		};
/* End PBXProject section */

/* Begin PBXResourcesBuildPhase section */
		E5F5868D18E0C702002BF41A /* Resources */ = {
			isa = PBXResourcesBuildPhase;
			buildActionMask = 2147483647;
			files = (
				E5F586DF18E23C51002BF41A /* PirateOctopusAttack.jpg in Resources */,
				E5F586E618E23C51002BF41A /* PirateWeapons.jpeg in Resources */,
				E5F586E118E23C51002BF41A /* PiratePlank.jpg in Resources */,
				E5F586E418E23C51002BF41A /* PirateTreasure.jpeg in Resources */,
				E5F586DE18E23C51002BF41A /* PirateFriendlyDock.jpg in Resources */,
				E5F586DB18E23C51002BF41A /* PirateAttack.jpg in Resources */,
				E5F586AB18E0C702002BF41A /* Images.xcassets in Resources */,
				E5F5869D18E0C702002BF41A /* InfoPlist.strings in Resources */,
				E5F586A618E0C702002BF41A /* Main.storyboard in Resources */,
				E5F586E218E23C51002BF41A /* PirateShipBattle.jpeg in Resources */,
				E5F586E518E23C51002BF41A /* PirateTreasurer2.jpeg in Resources */,
				E5F586DC18E23C51002BF41A /* PirateBlacksmith.jpeg in Resources */,
				E5F586E318E23C51002BF41A /* PirateStart.jpg in Resources */,
				E5F586DD18E23C51002BF41A /* PirateBoss.jpeg in Resources */,
				E5F586E018E23C51002BF41A /* PirateParrot.jpg in Resources */,
			);
			runOnlyForDeploymentPostprocessing = 0;
		};
		E5F586AE18E0C702002BF41A /* Resources */ = {
			isa = PBXResourcesBuildPhase;
			buildActionMask = 2147483647;
			files = (
				E5F586BC18E0C702002BF41A /* InfoPlist.strings in Resources */,
			);
			runOnlyForDeploymentPostprocessing = 0;
		};
/* End PBXResourcesBuildPhase section */

/* Begin PBXShellScriptBuildPhase section */
		OBJCLEANCUSTOMRUNSCRIPTT /* Objective-Clean Run Script */ = {
			isa = PBXShellScriptBuildPhase;
			buildActionMask = 2147483647;
			files = (
			);
			inputPaths = (
			);
			name = "Objective-Clean Run Script";
			outputPaths = (
			);
			runOnlyForDeploymentPostprocessing = 0;
			shellPath = /bin/bash;
			shellScript = "if [[ -z ${SKIP_OBJCLEAN} || ${SKIP_OBJCLEAN} != 1 ]]; then\nif [[ -d \"${LOCAL_APPS_DIR}/Objective-Clean.app\" ]]; then \n\"${LOCAL_APPS_DIR}\"/Objective-Clean.app/Contents/Resources/ObjClean.app/Contents/MacOS/ObjClean \"${SRCROOT}\" \nelse\necho \"warning: You have to install and set up Objective-Clean to use its features!\" \nfi\nfi";
		};
/* End PBXShellScriptBuildPhase section */

/* Begin PBXSourcesBuildPhase section */
		E5F5868B18E0C702002BF41A /* Sources */ = {
			isa = PBXSourcesBuildPhase;
			buildActionMask = 2147483647;
			files = (
				E5F586C918E0D2EA002BF41A /* MADTile.m in Sources */,
				E5F586A918E0C702002BF41A /* MADViewController.m in Sources */,
				E5F5869F18E0C702002BF41A /* main.m in Sources */,
				E5F586CD18E21F1B002BF41A /* MADFactory.m in Sources */,
				E5F586A318E0C702002BF41A /* MADAppDelegate.m in Sources */,
			);
			runOnlyForDeploymentPostprocessing = 0;
		};
		E5F586AC18E0C702002BF41A /* Sources */ = {
			isa = PBXSourcesBuildPhase;
			buildActionMask = 2147483647;
			files = (
				E5F586BE18E0C702002BF41A /* Pirate_AdventureTests.m in Sources */,
			);
			runOnlyForDeploymentPostprocessing = 0;
		};
/* End PBXSourcesBuildPhase section */

/* Begin PBXTargetDependency section */
		E5F586B618E0C702002BF41A /* PBXTargetDependency */ = {
			isa = PBXTargetDependency;
			target = E5F5868E18E0C702002BF41A /* Pirate Adventure */;
			targetProxy = E5F586B518E0C702002BF41A /* PBXContainerItemProxy */;
		};
/* End PBXTargetDependency section */

/* Begin PBXVariantGroup section */
		E5F5869B18E0C702002BF41A /* InfoPlist.strings */ = {
			isa = PBXVariantGroup;
			children = (
				E5F5869C18E0C702002BF41A /* en */,
			);
			name = InfoPlist.strings;
			sourceTree = "<group>";
		};
		E5F586A418E0C702002BF41A /* Main.storyboard */ = {
			isa = PBXVariantGroup;
			children = (
				E5F586A518E0C702002BF41A /* Base */,
			);
			name = Main.storyboard;
			sourceTree = "<group>";
		};
		E5F586BA18E0C702002BF41A /* InfoPlist.strings */ = {
			isa = PBXVariantGroup;
			children = (
				E5F586BB18E0C702002BF41A /* en */,
			);
			name = InfoPlist.strings;
			sourceTree = "<group>";
		};
/* End PBXVariantGroup section */

/* Begin XCBuildConfiguration section */
		E5F586BF18E0C702002BF41A /* Debug */ = {
			isa = XCBuildConfiguration;
			buildSettings = {
				ALWAYS_SEARCH_USER_PATHS = NO;
				CLANG_CXX_LANGUAGE_STANDARD = "gnu++0x";
				CLANG_CXX_LIBRARY = "libc++";
				CLANG_ENABLE_MODULES = YES;
				CLANG_ENABLE_OBJC_ARC = YES;
				CLANG_WARN_BOOL_CONVERSION = YES;
				CLANG_WARN_CONSTANT_CONVERSION = YES;
				CLANG_WARN_DIRECT_OBJC_ISA_USAGE = YES_ERROR;
				CLANG_WARN_EMPTY_BODY = YES;
				CLANG_WARN_ENUM_CONVERSION = YES;
				CLANG_WARN_INT_CONVERSION = YES;
				CLANG_WARN_OBJC_ROOT_CLASS = YES_ERROR;
				CLANG_WARN__DUPLICATE_METHOD_MATCH = YES;
				"CODE_SIGN_IDENTITY[sdk=iphoneos*]" = "iPhone Developer";
				COPY_PHASE_STRIP = NO;
				GCC_C_LANGUAGE_STANDARD = gnu99;
				GCC_DYNAMIC_NO_PIC = NO;
				GCC_OPTIMIZATION_LEVEL = 0;
				GCC_PREPROCESSOR_DEFINITIONS = (
					"DEBUG=1",
					"$(inherited)",
				);
				GCC_SYMBOLS_PRIVATE_EXTERN = NO;
				GCC_WARN_64_TO_32_BIT_CONVERSION = YES;
				GCC_WARN_ABOUT_RETURN_TYPE = YES_ERROR;
				GCC_WARN_UNDECLARED_SELECTOR = YES;
				GCC_WARN_UNINITIALIZED_AUTOS = YES_AGGRESSIVE;
				GCC_WARN_UNUSED_FUNCTION = YES;
				GCC_WARN_UNUSED_VARIABLE = YES;
				IPHONEOS_DEPLOYMENT_TARGET = 7.1;
				ONLY_ACTIVE_ARCH = YES;
				SDKROOT = iphoneos;
			};
			name = Debug;
		};
		E5F586C018E0C702002BF41A /* Release */ = {
			isa = XCBuildConfiguration;
			buildSettings = {
				ALWAYS_SEARCH_USER_PATHS = NO;
				CLANG_CXX_LANGUAGE_STANDARD = "gnu++0x";
				CLANG_CXX_LIBRARY = "libc++";
				CLANG_ENABLE_MODULES = YES;
				CLANG_ENABLE_OBJC_ARC = YES;
				CLANG_WARN_BOOL_CONVERSION = YES;
				CLANG_WARN_CONSTANT_CONVERSION = YES;
				CLANG_WARN_DIRECT_OBJC_ISA_USAGE = YES_ERROR;
				CLANG_WARN_EMPTY_BODY = YES;
				CLANG_WARN_ENUM_CONVERSION = YES;
				CLANG_WARN_INT_CONVERSION = YES;
				CLANG_WARN_OBJC_ROOT_CLASS = YES_ERROR;
				CLANG_WARN__DUPLICATE_METHOD_MATCH = YES;
				"CODE_SIGN_IDENTITY[sdk=iphoneos*]" = "iPhone Developer";
				COPY_PHASE_STRIP = YES;
				ENABLE_NS_ASSERTIONS = NO;
				GCC_C_LANGUAGE_STANDARD = gnu99;
				GCC_WARN_64_TO_32_BIT_CONVERSION = YES;
				GCC_WARN_ABOUT_RETURN_TYPE = YES_ERROR;
				GCC_WARN_UNDECLARED_SELECTOR = YES;
				GCC_WARN_UNINITIALIZED_AUTOS = YES_AGGRESSIVE;
				GCC_WARN_UNUSED_FUNCTION = YES;
				GCC_WARN_UNUSED_VARIABLE = YES;
				IPHONEOS_DEPLOYMENT_TARGET = 7.1;
				SDKROOT = iphoneos;
				VALIDATE_PRODUCT = YES;
			};
			name = Release;
		};
		E5F586C218E0C702002BF41A /* Debug */ = {
			isa = XCBuildConfiguration;
			buildSettings = {
				ASSETCATALOG_COMPILER_APPICON_NAME = AppIcon;
				ASSETCATALOG_COMPILER_LAUNCHIMAGE_NAME = LaunchImage;
				GCC_PRECOMPILE_PREFIX_HEADER = YES;
				GCC_PREFIX_HEADER = "Pirate Adventure/Pirate Adventure-Prefix.pch";
				INFOPLIST_FILE = "Pirate Adventure/Pirate Adventure-Info.plist";
				PRODUCT_NAME = "$(TARGET_NAME)";
				WRAPPER_EXTENSION = app;
			};
			name = Debug;
		};
		E5F586C318E0C702002BF41A /* Release */ = {
			isa = XCBuildConfiguration;
			buildSettings = {
				ASSETCATALOG_COMPILER_APPICON_NAME = AppIcon;
				ASSETCATALOG_COMPILER_LAUNCHIMAGE_NAME = LaunchImage;
				GCC_PRECOMPILE_PREFIX_HEADER = YES;
				GCC_PREFIX_HEADER = "Pirate Adventure/Pirate Adventure-Prefix.pch";
				INFOPLIST_FILE = "Pirate Adventure/Pirate Adventure-Info.plist";
				PRODUCT_NAME = "$(TARGET_NAME)";
				WRAPPER_EXTENSION = app;
			};
			name = Release;
		};
		E5F586C518E0C702002BF41A /* Debug */ = {
			isa = XCBuildConfiguration;
			buildSettings = {
				BUNDLE_LOADER = "$(BUILT_PRODUCTS_DIR)/Pirate Adventure.app/Pirate Adventure";
				FRAMEWORK_SEARCH_PATHS = (
					"$(SDKROOT)/Developer/Library/Frameworks",
					"$(inherited)",
					"$(DEVELOPER_FRAMEWORKS_DIR)",
				);
				GCC_PRECOMPILE_PREFIX_HEADER = YES;
				GCC_PREFIX_HEADER = "Pirate Adventure/Pirate Adventure-Prefix.pch";
				GCC_PREPROCESSOR_DEFINITIONS = (
					"DEBUG=1",
					"$(inherited)",
				);
				INFOPLIST_FILE = "Pirate AdventureTests/Pirate AdventureTests-Info.plist";
				PRODUCT_NAME = "$(TARGET_NAME)";
				TEST_HOST = "$(BUNDLE_LOADER)";
				WRAPPER_EXTENSION = xctest;
			};
			name = Debug;
		};
		E5F586C618E0C702002BF41A /* Release */ = {
			isa = XCBuildConfiguration;
			buildSettings = {
				BUNDLE_LOADER = "$(BUILT_PRODUCTS_DIR)/Pirate Adventure.app/Pirate Adventure";
				FRAMEWORK_SEARCH_PATHS = (
					"$(SDKROOT)/Developer/Library/Frameworks",
					"$(inherited)",
					"$(DEVELOPER_FRAMEWORKS_DIR)",
				);
				GCC_PRECOMPILE_PREFIX_HEADER = YES;
				GCC_PREFIX_HEADER = "Pirate Adventure/Pirate Adventure-Prefix.pch";
				INFOPLIST_FILE = "Pirate AdventureTests/Pirate AdventureTests-Info.plist";
				PRODUCT_NAME = "$(TARGET_NAME)";
				TEST_HOST = "$(BUNDLE_LOADER)";
				WRAPPER_EXTENSION = xctest;
			};
			name = Release;
		};
/* End XCBuildConfiguration section */

/* Begin XCConfigurationList section */
		E5F5868A18E0C702002BF41A /* Build configuration list for PBXProject "Pirate Adventure" */ = {
			isa = XCConfigurationList;
			buildConfigurations = (
				E5F586BF18E0C702002BF41A /* Debug */,
				E5F586C018E0C702002BF41A /* Release */,
			);
			defaultConfigurationIsVisible = 0;
			defaultConfigurationName = Release;
		};
		E5F586C118E0C702002BF41A /* Build configuration list for PBXNativeTarget "Pirate Adventure" */ = {
			isa = XCConfigurationList;
			buildConfigurations = (
				E5F586C218E0C702002BF41A /* Debug */,
				E5F586C318E0C702002BF41A /* Release */,
			);
			defaultConfigurationIsVisible = 0;
			defaultConfigurationName = Release;
		};
		E5F586C418E0C702002BF41A /* Build configuration list for PBXNativeTarget "Pirate AdventureTests" */ = {
			isa = XCConfigurationList;
			buildConfigurations = (
				E5F586C518E0C702002BF41A /* Debug */,
				E5F586C618E0C702002BF41A /* Release */,
			);
			defaultConfigurationIsVisible = 0;
			defaultConfigurationName = Release;
		};
/* End XCConfigurationList section */
	};
	rootObject = E5F5868718E0C702002BF41A /* Project object */;
}
